// !$*UTF8*$!
{
	archiveVersion = 1;
	classes = {
	};
	objectVersion = 56;
	objects = {

/* Begin PBXBuildFile section */
		4964CF592A53F653006465E3 /* Onboarding3ViewController.swift in Sources */ = {isa = PBXBuildFile; fileRef = 4964CF582A53F653006465E3 /* Onboarding3ViewController.swift */; };
		4964CF5B2A53F90F006465E3 /* Onboarding4ViewController.swift in Sources */ = {isa = PBXBuildFile; fileRef = 4964CF5A2A53F90F006465E3 /* Onboarding4ViewController.swift */; };
		4964CF5E2A5401C2006465E3 /* InAppViewController.swift in Sources */ = {isa = PBXBuildFile; fileRef = 4964CF5D2A5401C2006465E3 /* InAppViewController.swift */; };
		4964CF602A540660006465E3 /* loading.json in Resources */ = {isa = PBXBuildFile; fileRef = 4964CF5F2A540660006465E3 /* loading.json */; };
		4964CF642A540809006465E3 /* Lottie in Frameworks */ = {isa = PBXBuildFile; productRef = 4964CF632A540809006465E3 /* Lottie */; };
		49CDDB0C2A52D75300229066 /* SnapKit in Frameworks */ = {isa = PBXBuildFile; productRef = 49CDDB0B2A52D75300229066 /* SnapKit */; };
		49CDDB0E2A52EE9900229066 /* Onboarding2ViewController.swift in Sources */ = {isa = PBXBuildFile; fileRef = 49CDDB0D2A52EE9900229066 /* Onboarding2ViewController.swift */; };
		49CDDB122A52FC0000229066 /* OnboardingTableViewCell.swift in Sources */ = {isa = PBXBuildFile; fileRef = 49CDDB112A52FC0000229066 /* OnboardingTableViewCell.swift */; };
		49D0B7722A52C46300651B7F /* AppDelegate.swift in Sources */ = {isa = PBXBuildFile; fileRef = 49D0B7712A52C46300651B7F /* AppDelegate.swift */; };
		49D0B7742A52C46300651B7F /* SceneDelegate.swift in Sources */ = {isa = PBXBuildFile; fileRef = 49D0B7732A52C46300651B7F /* SceneDelegate.swift */; };
		49D0B7762A52C46300651B7F /* Onboarding1ViewController.swift in Sources */ = {isa = PBXBuildFile; fileRef = 49D0B7752A52C46300651B7F /* Onboarding1ViewController.swift */; };
		49D0B77B2A52C46500651B7F /* Assets.xcassets in Resources */ = {isa = PBXBuildFile; fileRef = 49D0B77A2A52C46500651B7F /* Assets.xcassets */; };
		49D0B77E2A52C46500651B7F /* LaunchScreen.storyboard in Resources */ = {isa = PBXBuildFile; fileRef = 49D0B77C2A52C46500651B7F /* LaunchScreen.storyboard */; };
/* End PBXBuildFile section */

/* Begin PBXFileReference section */
		4964CF582A53F653006465E3 /* Onboarding3ViewController.swift */ = {isa = PBXFileReference; lastKnownFileType = sourcecode.swift; path = Onboarding3ViewController.swift; sourceTree = "<group>"; };
		4964CF5A2A53F90F006465E3 /* Onboarding4ViewController.swift */ = {isa = PBXFileReference; lastKnownFileType = sourcecode.swift; path = Onboarding4ViewController.swift; sourceTree = "<group>"; };
		4964CF5D2A5401C2006465E3 /* InAppViewController.swift */ = {isa = PBXFileReference; lastKnownFileType = sourcecode.swift; path = InAppViewController.swift; sourceTree = "<group>"; };
		4964CF5F2A540660006465E3 /* loading.json */ = {isa = PBXFileReference; fileEncoding = 4; lastKnownFileType = text.json; path = loading.json; sourceTree = "<group>"; };
		49CDDB0D2A52EE9900229066 /* Onboarding2ViewController.swift */ = {isa = PBXFileReference; lastKnownFileType = sourcecode.swift; path = Onboarding2ViewController.swift; sourceTree = "<group>"; };
		49CDDB112A52FC0000229066 /* OnboardingTableViewCell.swift */ = {isa = PBXFileReference; lastKnownFileType = sourcecode.swift; path = OnboardingTableViewCell.swift; sourceTree = "<group>"; };
		49D0B76E2A52C46300651B7F /* AIArtCreator.app */ = {isa = PBXFileReference; explicitFileType = wrapper.application; includeInIndex = 0; path = AIArtCreator.app; sourceTree = BUILT_PRODUCTS_DIR; };
		49D0B7712A52C46300651B7F /* AppDelegate.swift */ = {isa = PBXFileReference; lastKnownFileType = sourcecode.swift; path = AppDelegate.swift; sourceTree = "<group>"; };
		49D0B7732A52C46300651B7F /* SceneDelegate.swift */ = {isa = PBXFileReference; lastKnownFileType = sourcecode.swift; path = SceneDelegate.swift; sourceTree = "<group>"; };
		49D0B7752A52C46300651B7F /* Onboarding1ViewController.swift */ = {isa = PBXFileReference; lastKnownFileType = sourcecode.swift; path = Onboarding1ViewController.swift; sourceTree = "<group>"; };
		49D0B77A2A52C46500651B7F /* Assets.xcassets */ = {isa = PBXFileReference; lastKnownFileType = folder.assetcatalog; path = Assets.xcassets; sourceTree = "<group>"; };
		49D0B77D2A52C46500651B7F /* Base */ = {isa = PBXFileReference; lastKnownFileType = file.storyboard; name = Base; path = Base.lproj/LaunchScreen.storyboard; sourceTree = "<group>"; };
		49D0B77F2A52C46500651B7F /* Info.plist */ = {isa = PBXFileReference; lastKnownFileType = text.plist.xml; path = Info.plist; sourceTree = "<group>"; };
/* End PBXFileReference section */

/* Begin PBXFrameworksBuildPhase section */
		49D0B76B2A52C46300651B7F /* Frameworks */ = {
			isa = PBXFrameworksBuildPhase;
			buildActionMask = 2147483647;
			files = (
				49CDDB0C2A52D75300229066 /* SnapKit in Frameworks */,
				4964CF642A540809006465E3 /* Lottie in Frameworks */,
			);
			runOnlyForDeploymentPostprocessing = 0;
		};
/* End PBXFrameworksBuildPhase section */

/* Begin PBXGroup section */
		4964CF5C2A5401AE006465E3 /* InApp */ = {
			isa = PBXGroup;
			children = (
				4964CF5D2A5401C2006465E3 /* InAppViewController.swift */,
			);
			path = InApp;
			sourceTree = "<group>";
		};
		4964CF612A540664006465E3 /* LottieAnimationFile */ = {
			isa = PBXGroup;
			children = (
				4964CF5F2A540660006465E3 /* loading.json */,
			);
			path = LottieAnimationFile;
			sourceTree = "<group>";
		};
		49CDDB092A52D73500229066 /* Onboarding */ = {
			isa = PBXGroup;
			children = (
				49CDDB0F2A52F8E300229066 /* OnboardingTableViewCell */,
				49CDDB102A52F8F100229066 /* OnboardingViewControllers */,
			);
			path = Onboarding;
			sourceTree = "<group>";
		};
		49CDDB0F2A52F8E300229066 /* OnboardingTableViewCell */ = {
			isa = PBXGroup;
			children = (
				49CDDB112A52FC0000229066 /* OnboardingTableViewCell.swift */,
			);
			path = OnboardingTableViewCell;
			sourceTree = "<group>";
		};
		49CDDB102A52F8F100229066 /* OnboardingViewControllers */ = {
			isa = PBXGroup;
			children = (
				49D0B7752A52C46300651B7F /* Onboarding1ViewController.swift */,
				49CDDB0D2A52EE9900229066 /* Onboarding2ViewController.swift */,
				4964CF582A53F653006465E3 /* Onboarding3ViewController.swift */,
				4964CF5A2A53F90F006465E3 /* Onboarding4ViewController.swift */,
			);
			path = OnboardingViewControllers;
			sourceTree = "<group>";
		};
		49D0B7652A52C46300651B7F = {
			isa = PBXGroup;
			children = (
				49D0B7702A52C46300651B7F /* AIArtCreator */,
				49D0B76F2A52C46300651B7F /* Products */,
			);
			sourceTree = "<group>";
		};
		49D0B76F2A52C46300651B7F /* Products */ = {
			isa = PBXGroup;
			children = (
				49D0B76E2A52C46300651B7F /* AIArtCreator.app */,
			);
			name = Products;
			sourceTree = "<group>";
		};
		49D0B7702A52C46300651B7F /* AIArtCreator */ = {
			isa = PBXGroup;
			children = (
				4964CF612A540664006465E3 /* LottieAnimationFile */,
				49D0B7712A52C46300651B7F /* AppDelegate.swift */,
				49D0B7732A52C46300651B7F /* SceneDelegate.swift */,
				49CDDB092A52D73500229066 /* Onboarding */,
				4964CF5C2A5401AE006465E3 /* InApp */,
				49D0B77A2A52C46500651B7F /* Assets.xcassets */,
				49D0B77C2A52C46500651B7F /* LaunchScreen.storyboard */,
				49D0B77F2A52C46500651B7F /* Info.plist */,
			);
			path = AIArtCreator;
			sourceTree = "<group>";
		};
/* End PBXGroup section */

/* Begin PBXNativeTarget section */
		49D0B76D2A52C46300651B7F /* AIArtCreator */ = {
			isa = PBXNativeTarget;
			buildConfigurationList = 49D0B7822A52C46500651B7F /* Build configuration list for PBXNativeTarget "AIArtCreator" */;
			buildPhases = (
				49D0B76A2A52C46300651B7F /* Sources */,
				49D0B76B2A52C46300651B7F /* Frameworks */,
				49D0B76C2A52C46300651B7F /* Resources */,
			);
			buildRules = (
			);
			dependencies = (
			);
			name = AIArtCreator;
			packageProductDependencies = (
				49CDDB0B2A52D75300229066 /* SnapKit */,
				4964CF632A540809006465E3 /* Lottie */,
			);
			productName = AIArtCreator;
			productReference = 49D0B76E2A52C46300651B7F /* AIArtCreator.app */;
			productType = "com.apple.product-type.application";
		};
/* End PBXNativeTarget section */

/* Begin PBXProject section */
		49D0B7662A52C46300651B7F /* Project object */ = {
			isa = PBXProject;
			attributes = {
				BuildIndependentTargetsInParallel = 1;
				LastSwiftUpdateCheck = 1430;
				LastUpgradeCheck = 1430;
				TargetAttributes = {
					49D0B76D2A52C46300651B7F = {
						CreatedOnToolsVersion = 14.3.1;
					};
				};
			};
			buildConfigurationList = 49D0B7692A52C46300651B7F /* Build configuration list for PBXProject "AIArtCreator" */;
			compatibilityVersion = "Xcode 14.0";
			developmentRegion = en;
			hasScannedForEncodings = 0;
			knownRegions = (
				en,
				Base,
			);
			mainGroup = 49D0B7652A52C46300651B7F;
			packageReferences = (
				49CDDB0A2A52D75300229066 /* XCRemoteSwiftPackageReference "SnapKit" */,
				4964CF622A540809006465E3 /* XCRemoteSwiftPackageReference "lottie-ios" */,
			);
			productRefGroup = 49D0B76F2A52C46300651B7F /* Products */;
			projectDirPath = "";
			projectRoot = "";
			targets = (
				49D0B76D2A52C46300651B7F /* AIArtCreator */,
			);
		};
/* End PBXProject section */

/* Begin PBXResourcesBuildPhase section */
		49D0B76C2A52C46300651B7F /* Resources */ = {
			isa = PBXResourcesBuildPhase;
			buildActionMask = 2147483647;
			files = (
				49D0B77E2A52C46500651B7F /* LaunchScreen.storyboard in Resources */,
				49D0B77B2A52C46500651B7F /* Assets.xcassets in Resources */,
				4964CF602A540660006465E3 /* loading.json in Resources */,
			);
			runOnlyForDeploymentPostprocessing = 0;
		};
/* End PBXResourcesBuildPhase section */

/* Begin PBXSourcesBuildPhase section */
		49D0B76A2A52C46300651B7F /* Sources */ = {
			isa = PBXSourcesBuildPhase;
			buildActionMask = 2147483647;
			files = (
				49D0B7762A52C46300651B7F /* Onboarding1ViewController.swift in Sources */,
				4964CF592A53F653006465E3 /* Onboarding3ViewController.swift in Sources */,
				49D0B7722A52C46300651B7F /* AppDelegate.swift in Sources */,
				4964CF5E2A5401C2006465E3 /* InAppViewController.swift in Sources */,
				49CDDB0E2A52EE9900229066 /* Onboarding2ViewController.swift in Sources */,
				49D0B7742A52C46300651B7F /* SceneDelegate.swift in Sources */,
				49CDDB122A52FC0000229066 /* OnboardingTableViewCell.swift in Sources */,
				4964CF5B2A53F90F006465E3 /* Onboarding4ViewController.swift in Sources */,
			);
			runOnlyForDeploymentPostprocessing = 0;
		};
/* End PBXSourcesBuildPhase section */

/* Begin PBXVariantGroup section */
		49D0B77C2A52C46500651B7F /* LaunchScreen.storyboard */ = {
			isa = PBXVariantGroup;
			children = (
				49D0B77D2A52C46500651B7F /* Base */,
			);
			name = LaunchScreen.storyboard;
			sourceTree = "<group>";
		};
/* End PBXVariantGroup section */

/* Begin XCBuildConfiguration section */
		49D0B7802A52C46500651B7F /* Debug */ = {
			isa = XCBuildConfiguration;
			buildSettings = {
				ALWAYS_SEARCH_USER_PATHS = NO;
				CLANG_ANALYZER_NONNULL = YES;
				CLANG_ANALYZER_NUMBER_OBJECT_CONVERSION = YES_AGGRESSIVE;
				CLANG_CXX_LANGUAGE_STANDARD = "gnu++20";
				CLANG_ENABLE_MODULES = YES;
				CLANG_ENABLE_OBJC_ARC = YES;
				CLANG_ENABLE_OBJC_WEAK = YES;
				CLANG_WARN_BLOCK_CAPTURE_AUTORELEASING = YES;
				CLANG_WARN_BOOL_CONVERSION = YES;
				CLANG_WARN_COMMA = YES;
				CLANG_WARN_CONSTANT_CONVERSION = YES;
				CLANG_WARN_DEPRECATED_OBJC_IMPLEMENTATIONS = YES;
				CLANG_WARN_DIRECT_OBJC_ISA_USAGE = YES_ERROR;
				CLANG_WARN_DOCUMENTATION_COMMENTS = YES;
				CLANG_WARN_EMPTY_BODY = YES;
				CLANG_WARN_ENUM_CONVERSION = YES;
				CLANG_WARN_INFINITE_RECURSION = YES;
				CLANG_WARN_INT_CONVERSION = YES;
				CLANG_WARN_NON_LITERAL_NULL_CONVERSION = YES;
				CLANG_WARN_OBJC_IMPLICIT_RETAIN_SELF = YES;
				CLANG_WARN_OBJC_LITERAL_CONVERSION = YES;
				CLANG_WARN_OBJC_ROOT_CLASS = YES_ERROR;
				CLANG_WARN_QUOTED_INCLUDE_IN_FRAMEWORK_HEADER = YES;
				CLANG_WARN_RANGE_LOOP_ANALYSIS = YES;
				CLANG_WARN_STRICT_PROTOTYPES = YES;
				CLANG_WARN_SUSPICIOUS_MOVE = YES;
				CLANG_WARN_UNGUARDED_AVAILABILITY = YES_AGGRESSIVE;
				CLANG_WARN_UNREACHABLE_CODE = YES;
				CLANG_WARN__DUPLICATE_METHOD_MATCH = YES;
				COPY_PHASE_STRIP = NO;
				DEBUG_INFORMATION_FORMAT = dwarf;
				ENABLE_STRICT_OBJC_MSGSEND = YES;
				ENABLE_TESTABILITY = YES;
				GCC_C_LANGUAGE_STANDARD = gnu11;
				GCC_DYNAMIC_NO_PIC = NO;
				GCC_NO_COMMON_BLOCKS = YES;
				GCC_OPTIMIZATION_LEVEL = 0;
				GCC_PREPROCESSOR_DEFINITIONS = (
					"DEBUG=1",
					"$(inherited)",
				);
				GCC_WARN_64_TO_32_BIT_CONVERSION = YES;
				GCC_WARN_ABOUT_RETURN_TYPE = YES_ERROR;
				GCC_WARN_UNDECLARED_SELECTOR = YES;
				GCC_WARN_UNINITIALIZED_AUTOS = YES_AGGRESSIVE;
				GCC_WARN_UNUSED_FUNCTION = YES;
				GCC_WARN_UNUSED_VARIABLE = YES;
				IPHONEOS_DEPLOYMENT_TARGET = 16.4;
				MTL_ENABLE_DEBUG_INFO = INCLUDE_SOURCE;
				MTL_FAST_MATH = YES;
				ONLY_ACTIVE_ARCH = YES;
				SDKROOT = iphoneos;
				SWIFT_ACTIVE_COMPILATION_CONDITIONS = DEBUG;
				SWIFT_OPTIMIZATION_LEVEL = "-Onone";
			};
			name = Debug;
		};
		49D0B7812A52C46500651B7F /* Release */ = {
			isa = XCBuildConfiguration;
			buildSettings = {
				ALWAYS_SEARCH_USER_PATHS = NO;
				CLANG_ANALYZER_NONNULL = YES;
				CLANG_ANALYZER_NUMBER_OBJECT_CONVERSION = YES_AGGRESSIVE;
				CLANG_CXX_LANGUAGE_STANDARD = "gnu++20";
				CLANG_ENABLE_MODULES = YES;
				CLANG_ENABLE_OBJC_ARC = YES;
				CLANG_ENABLE_OBJC_WEAK = YES;
				CLANG_WARN_BLOCK_CAPTURE_AUTORELEASING = YES;
				CLANG_WARN_BOOL_CONVERSION = YES;
				CLANG_WARN_COMMA = YES;
				CLANG_WARN_CONSTANT_CONVERSION = YES;
				CLANG_WARN_DEPRECATED_OBJC_IMPLEMENTATIONS = YES;
				CLANG_WARN_DIRECT_OBJC_ISA_USAGE = YES_ERROR;
				CLANG_WARN_DOCUMENTATION_COMMENTS = YES;
				CLANG_WARN_EMPTY_BODY = YES;
				CLANG_WARN_ENUM_CONVERSION = YES;
				CLANG_WARN_INFINITE_RECURSION = YES;
				CLANG_WARN_INT_CONVERSION = YES;
				CLANG_WARN_NON_LITERAL_NULL_CONVERSION = YES;
				CLANG_WARN_OBJC_IMPLICIT_RETAIN_SELF = YES;
				CLANG_WARN_OBJC_LITERAL_CONVERSION = YES;
				CLANG_WARN_OBJC_ROOT_CLASS = YES_ERROR;
				CLANG_WARN_QUOTED_INCLUDE_IN_FRAMEWORK_HEADER = YES;
				CLANG_WARN_RANGE_LOOP_ANALYSIS = YES;
				CLANG_WARN_STRICT_PROTOTYPES = YES;
				CLANG_WARN_SUSPICIOUS_MOVE = YES;
				CLANG_WARN_UNGUARDED_AVAILABILITY = YES_AGGRESSIVE;
				CLANG_WARN_UNREACHABLE_CODE = YES;
				CLANG_WARN__DUPLICATE_METHOD_MATCH = YES;
				COPY_PHASE_STRIP = NO;
				DEBUG_INFORMATION_FORMAT = "dwarf-with-dsym";
				ENABLE_NS_ASSERTIONS = NO;
				ENABLE_STRICT_OBJC_MSGSEND = YES;
				GCC_C_LANGUAGE_STANDARD = gnu11;
				GCC_NO_COMMON_BLOCKS = YES;
				GCC_WARN_64_TO_32_BIT_CONVERSION = YES;
				GCC_WARN_ABOUT_RETURN_TYPE = YES_ERROR;
				GCC_WARN_UNDECLARED_SELECTOR = YES;
				GCC_WARN_UNINITIALIZED_AUTOS = YES_AGGRESSIVE;
				GCC_WARN_UNUSED_FUNCTION = YES;
				GCC_WARN_UNUSED_VARIABLE = YES;
				IPHONEOS_DEPLOYMENT_TARGET = 16.4;
				MTL_ENABLE_DEBUG_INFO = NO;
				MTL_FAST_MATH = YES;
				SDKROOT = iphoneos;
				SWIFT_COMPILATION_MODE = wholemodule;
				SWIFT_OPTIMIZATION_LEVEL = "-O";
				VALIDATE_PRODUCT = YES;
			};
			name = Release;
		};
		49D0B7832A52C46500651B7F /* Debug */ = {
			isa = XCBuildConfiguration;
			buildSettings = {
				ASSETCATALOG_COMPILER_APPICON_NAME = AppIcon;
				ASSETCATALOG_COMPILER_GLOBAL_ACCENT_COLOR_NAME = AccentColor;
				CODE_SIGN_STYLE = Automatic;
				CURRENT_PROJECT_VERSION = 1;
				DEVELOPMENT_TEAM = 2G8QN9SRVA;
				GENERATE_INFOPLIST_FILE = YES;
				INFOPLIST_FILE = AIArtCreator/Info.plist;
				INFOPLIST_KEY_UIApplicationSupportsIndirectInputEvents = YES;
				INFOPLIST_KEY_UILaunchStoryboardName = LaunchScreen;
				INFOPLIST_KEY_UISupportedInterfaceOrientations_iPad = "UIInterfaceOrientationPortrait UIInterfaceOrientationPortraitUpsideDown UIInterfaceOrientationLandscapeLeft UIInterfaceOrientationLandscapeRight";
				INFOPLIST_KEY_UISupportedInterfaceOrientations_iPhone = "UIInterfaceOrientationPortrait UIInterfaceOrientationLandscapeLeft UIInterfaceOrientationLandscapeRight";
				LD_RUNPATH_SEARCH_PATHS = (
					"$(inherited)",
					"@executable_path/Frameworks",
				);
				MARKETING_VERSION = 1.0;
				PRODUCT_BUNDLE_IDENTIFIER = com.berkaykuzu.AIArtCreator;
				PRODUCT_NAME = "$(TARGET_NAME)";
				SWIFT_EMIT_LOC_STRINGS = YES;
				SWIFT_VERSION = 5.0;
				TARGETED_DEVICE_FAMILY = "1,2";
			};
			name = Debug;
		};
		49D0B7842A52C46500651B7F /* Release */ = {
			isa = XCBuildConfiguration;
			buildSettings = {
				ASSETCATALOG_COMPILER_APPICON_NAME = AppIcon;
				ASSETCATALOG_COMPILER_GLOBAL_ACCENT_COLOR_NAME = AccentColor;
				CODE_SIGN_STYLE = Automatic;
				CURRENT_PROJECT_VERSION = 1;
				DEVELOPMENT_TEAM = 2G8QN9SRVA;
				GENERATE_INFOPLIST_FILE = YES;
				INFOPLIST_FILE = AIArtCreator/Info.plist;
				INFOPLIST_KEY_UIApplicationSupportsIndirectInputEvents = YES;
				INFOPLIST_KEY_UILaunchStoryboardName = LaunchScreen;
				INFOPLIST_KEY_UISupportedInterfaceOrientations_iPad = "UIInterfaceOrientationPortrait UIInterfaceOrientationPortraitUpsideDown UIInterfaceOrientationLandscapeLeft UIInterfaceOrientationLandscapeRight";
				INFOPLIST_KEY_UISupportedInterfaceOrientations_iPhone = "UIInterfaceOrientationPortrait UIInterfaceOrientationLandscapeLeft UIInterfaceOrientationLandscapeRight";
				LD_RUNPATH_SEARCH_PATHS = (
					"$(inherited)",
					"@executable_path/Frameworks",
				);
				MARKETING_VERSION = 1.0;
				PRODUCT_BUNDLE_IDENTIFIER = com.berkaykuzu.AIArtCreator;
				PRODUCT_NAME = "$(TARGET_NAME)";
				SWIFT_EMIT_LOC_STRINGS = YES;
				SWIFT_VERSION = 5.0;
				TARGETED_DEVICE_FAMILY = "1,2";
			};
			name = Release;
		};
/* End XCBuildConfiguration section */

/* Begin XCConfigurationList section */
		49D0B7692A52C46300651B7F /* Build configuration list for PBXProject "AIArtCreator" */ = {
			isa = XCConfigurationList;
			buildConfigurations = (
				49D0B7802A52C46500651B7F /* Debug */,
				49D0B7812A52C46500651B7F /* Release */,
			);
			defaultConfigurationIsVisible = 0;
			defaultConfigurationName = Release;
		};
		49D0B7822A52C46500651B7F /* Build configuration list for PBXNativeTarget "AIArtCreator" */ = {
			isa = XCConfigurationList;
			buildConfigurations = (
				49D0B7832A52C46500651B7F /* Debug */,
				49D0B7842A52C46500651B7F /* Release */,
			);
			defaultConfigurationIsVisible = 0;
			defaultConfigurationName = Release;
		};
/* End XCConfigurationList section */

/* Begin XCRemoteSwiftPackageReference section */
		4964CF622A540809006465E3 /* XCRemoteSwiftPackageReference "lottie-ios" */ = {
			isa = XCRemoteSwiftPackageReference;
			repositoryURL = "https://github.com/airbnb/lottie-ios.git";
			requirement = {
				kind = upToNextMajorVersion;
				minimumVersion = 4.0.0;
			};
		};
		49CDDB0A2A52D75300229066 /* XCRemoteSwiftPackageReference "SnapKit" */ = {
			isa = XCRemoteSwiftPackageReference;
			repositoryURL = "https://github.com/SnapKit/SnapKit.git";
			requirement = {
				kind = upToNextMajorVersion;
				minimumVersion = 5.0.0;
			};
		};
/* End XCRemoteSwiftPackageReference section */

/* Begin XCSwiftPackageProductDependency section */
		4964CF632A540809006465E3 /* Lottie */ = {
			isa = XCSwiftPackageProductDependency;
			package = 4964CF622A540809006465E3 /* XCRemoteSwiftPackageReference "lottie-ios" */;
			productName = Lottie;
		};
		49CDDB0B2A52D75300229066 /* SnapKit */ = {
			isa = XCSwiftPackageProductDependency;
			package = 49CDDB0A2A52D75300229066 /* XCRemoteSwiftPackageReference "SnapKit" */;
			productName = SnapKit;
		};
/* End XCSwiftPackageProductDependency section */
	};
	rootObject = 49D0B7662A52C46300651B7F /* Project object */;
}
